// !$*UTF8*$!
{
	archiveVersion = 1;
	classes = {
	};
	objectVersion = 50;
	objects = {

/* Begin PBXBuildFile section */
		4512974C25B31BE9009B60D8 /* AppDelegate.swift in Sources */ = {isa = PBXBuildFile; fileRef = 4512974B25B31BE9009B60D8 /* AppDelegate.swift */; };
		4512974E25B31BE9009B60D8 /* SceneDelegate.swift in Sources */ = {isa = PBXBuildFile; fileRef = 4512974D25B31BE9009B60D8 /* SceneDelegate.swift */; };
		4512975025B31BE9009B60D8 /* ViewController.swift in Sources */ = {isa = PBXBuildFile; fileRef = 4512974F25B31BE9009B60D8 /* ViewController.swift */; };
		4512975325B31BE9009B60D8 /* Main.storyboard in Resources */ = {isa = PBXBuildFile; fileRef = 4512975125B31BE9009B60D8 /* Main.storyboard */; };
		4512975525B31BEB009B60D8 /* Assets.xcassets in Resources */ = {isa = PBXBuildFile; fileRef = 4512975425B31BEB009B60D8 /* Assets.xcassets */; };
		4512975825B31BEB009B60D8 /* LaunchScreen.storyboard in Resources */ = {isa = PBXBuildFile; fileRef = 4512975625B31BEB009B60D8 /* LaunchScreen.storyboard */; };
		4512976425B3279A009B60D8 /* RecipeData.swift in Sources */ = {isa = PBXBuildFile; fileRef = 4512976325B3279A009B60D8 /* RecipeData.swift */; };
		4512977525B49C10009B60D8 /* DataViewController.swift in Sources */ = {isa = PBXBuildFile; fileRef = 4512977425B49C10009B60D8 /* DataViewController.swift */; };
		4512977A25B6200D009B60D8 /* DetailViewController.swift in Sources */ = {isa = PBXBuildFile; fileRef = 4512977925B6200D009B60D8 /* DetailViewController.swift */; };
/* End PBXBuildFile section */

/* Begin PBXFileReference section */
		4512974825B31BE9009B60D8 /* postmanHackathon.app */ = {isa = PBXFileReference; explicitFileType = wrapper.application; includeInIndex = 0; path = postmanHackathon.app; sourceTree = BUILT_PRODUCTS_DIR; };
		4512974B25B31BE9009B60D8 /* AppDelegate.swift */ = {isa = PBXFileReference; lastKnownFileType = sourcecode.swift; path = AppDelegate.swift; sourceTree = "<group>"; };
		4512974D25B31BE9009B60D8 /* SceneDelegate.swift */ = {isa = PBXFileReference; lastKnownFileType = sourcecode.swift; path = SceneDelegate.swift; sourceTree = "<group>"; };
		4512974F25B31BE9009B60D8 /* ViewController.swift */ = {isa = PBXFileReference; lastKnownFileType = sourcecode.swift; path = ViewController.swift; sourceTree = "<group>"; };
		4512975225B31BE9009B60D8 /* Base */ = {isa = PBXFileReference; lastKnownFileType = file.storyboard; name = Base; path = Base.lproj/Main.storyboard; sourceTree = "<group>"; };
		4512975425B31BEB009B60D8 /* Assets.xcassets */ = {isa = PBXFileReference; lastKnownFileType = folder.assetcatalog; path = Assets.xcassets; sourceTree = "<group>"; };
		4512975725B31BEB009B60D8 /* Base */ = {isa = PBXFileReference; lastKnownFileType = file.storyboard; name = Base; path = Base.lproj/LaunchScreen.storyboard; sourceTree = "<group>"; };
		4512975925B31BEB009B60D8 /* Info.plist */ = {isa = PBXFileReference; lastKnownFileType = text.plist.xml; path = Info.plist; sourceTree = "<group>"; };
		4512976325B3279A009B60D8 /* RecipeData.swift */ = {isa = PBXFileReference; lastKnownFileType = sourcecode.swift; path = RecipeData.swift; sourceTree = "<group>"; };
		4512977425B49C10009B60D8 /* DataViewController.swift */ = {isa = PBXFileReference; lastKnownFileType = sourcecode.swift; path = DataViewController.swift; sourceTree = "<group>"; };
		4512977925B6200D009B60D8 /* DetailViewController.swift */ = {isa = PBXFileReference; lastKnownFileType = sourcecode.swift; path = DetailViewController.swift; sourceTree = "<group>"; };
/* End PBXFileReference section */

/* Begin PBXFrameworksBuildPhase section */
		4512974525B31BE9009B60D8 /* Frameworks */ = {
			isa = PBXFrameworksBuildPhase;
			buildActionMask = 2147483647;
			files = (
			);
			runOnlyForDeploymentPostprocessing = 0;
		};
/* End PBXFrameworksBuildPhase section */

/* Begin PBXGroup section */
		4512973F25B31BE8009B60D8 = {
			isa = PBXGroup;
			children = (
				4512974A25B31BE9009B60D8 /* postmanHackathon */,
				4512974925B31BE9009B60D8 /* Products */,
			);
			sourceTree = "<group>";
		};
		4512974925B31BE9009B60D8 /* Products */ = {
			isa = PBXGroup;
			children = (
				4512974825B31BE9009B60D8 /* postmanHackathon.app */,
			);
			name = Products;
			sourceTree = "<group>";
		};
		4512974A25B31BE9009B60D8 /* postmanHackathon */ = {
			isa = PBXGroup;
			children = (
				4512974B25B31BE9009B60D8 /* AppDelegate.swift */,
				4512974D25B31BE9009B60D8 /* SceneDelegate.swift */,
				4512974F25B31BE9009B60D8 /* ViewController.swift */,
				4512977425B49C10009B60D8 /* DataViewController.swift */,
				4512977925B6200D009B60D8 /* DetailViewController.swift */,
				4512976325B3279A009B60D8 /* RecipeData.swift */,
				4512975125B31BE9009B60D8 /* Main.storyboard */,
				4512975425B31BEB009B60D8 /* Assets.xcassets */,
				4512975625B31BEB009B60D8 /* LaunchScreen.storyboard */,
				4512975925B31BEB009B60D8 /* Info.plist */,
			);
			path = postmanHackathon;
			sourceTree = "<group>";
		};
/* End PBXGroup section */

/* Begin PBXNativeTarget section */
		4512974725B31BE9009B60D8 /* postmanHackathon */ = {
			isa = PBXNativeTarget;
			buildConfigurationList = 4512975C25B31BEB009B60D8 /* Build configuration list for PBXNativeTarget "postmanHackathon" */;
			buildPhases = (
				4512974425B31BE9009B60D8 /* Sources */,
				4512974525B31BE9009B60D8 /* Frameworks */,
				4512974625B31BE9009B60D8 /* Resources */,
			);
			buildRules = (
			);
			dependencies = (
			);
			name = postmanHackathon;
			productName = postmanHackathon;
			productReference = 4512974825B31BE9009B60D8 /* postmanHackathon.app */;
			productType = "com.apple.product-type.application";
		};
/* End PBXNativeTarget section */

/* Begin PBXProject section */
		4512974025B31BE8009B60D8 /* Project object */ = {
			isa = PBXProject;
			attributes = {
				LastSwiftUpdateCheck = 1230;
				LastUpgradeCheck = 1230;
				TargetAttributes = {
					4512974725B31BE9009B60D8 = {
						CreatedOnToolsVersion = 12.3;
					};
				};
			};
			buildConfigurationList = 4512974325B31BE8009B60D8 /* Build configuration list for PBXProject "postmanHackathon" */;
			compatibilityVersion = "Xcode 9.3";
			developmentRegion = en;
			hasScannedForEncodings = 0;
			knownRegions = (
				en,
				Base,
			);
			mainGroup = 4512973F25B31BE8009B60D8;
			productRefGroup = 4512974925B31BE9009B60D8 /* Products */;
			projectDirPath = "";
			projectRoot = "";
			targets = (
				4512974725B31BE9009B60D8 /* postmanHackathon */,
			);
		};
/* End PBXProject section */

/* Begin PBXResourcesBuildPhase section */
		4512974625B31BE9009B60D8 /* Resources */ = {
			isa = PBXResourcesBuildPhase;
			buildActionMask = 2147483647;
			files = (
				4512975825B31BEB009B60D8 /* LaunchScreen.storyboard in Resources */,
				4512975525B31BEB009B60D8 /* Assets.xcassets in Resources */,
				4512975325B31BE9009B60D8 /* Main.storyboard in Resources */,
			);
			runOnlyForDeploymentPostprocessing = 0;
		};
/* End PBXResourcesBuildPhase section */

/* Begin PBXSourcesBuildPhase section */
		4512974425B31BE9009B60D8 /* Sources */ = {
			isa = PBXSourcesBuildPhase;
			buildActionMask = 2147483647;
			files = (
				4512975025B31BE9009B60D8 /* ViewController.swift in Sources */,
				4512974C25B31BE9009B60D8 /* AppDelegate.swift in Sources */,
				4512976425B3279A009B60D8 /* RecipeData.swift in Sources */,
				4512977A25B6200D009B60D8 /* DetailViewController.swift in Sources */,
				4512977525B49C10009B60D8 /* DataViewController.swift in Sources */,
				4512974E25B31BE9009B60D8 /* SceneDelegate.swift in Sources */,
			);
			runOnlyForDeploymentPostprocessing = 0;
		};
/* End PBXSourcesBuildPhase section */

/* Begin PBXVariantGroup section */
		4512975125B31BE9009B60D8 /* Main.storyboard */ = {
			isa = PBXVariantGroup;
			children = (
				4512975225B31BE9009B60D8 /* Base */,
			);
			name = Main.storyboard;
			sourceTree = "<group>";
		};
		4512975625B31BEB009B60D8 /* LaunchScreen.storyboard */ = {
			isa = PBXVariantGroup;
			children = (
				4512975725B31BEB009B60D8 /* Base */,
			);
			name = LaunchScreen.storyboard;
			sourceTree = "<group>";
		};
/* End PBXVariantGroup section */

/* Begin XCBuildConfiguration section */
		4512975A25B31BEB009B60D8 /* Debug */ = {
			isa = XCBuildConfiguration;
			buildSettings = {
				ALWAYS_SEARCH_USER_PATHS = NO;
				CLANG_ANALYZER_NONNULL = YES;
				CLANG_ANALYZER_NUMBER_OBJECT_CONVERSION = YES_AGGRESSIVE;
				CLANG_CXX_LANGUAGE_STANDARD = "gnu++14";
				CLANG_CXX_LIBRARY = "libc++";
				CLANG_ENABLE_MODULES = YES;
				CLANG_ENABLE_OBJC_ARC = YES;
				CLANG_ENABLE_OBJC_WEAK = YES;
				CLANG_WARN_BLOCK_CAPTURE_AUTORELEASING = YES;
				CLANG_WARN_BOOL_CONVERSION = YES;
				CLANG_WARN_COMMA = YES;
				CLANG_WARN_CONSTANT_CONVERSION = YES;
				CLANG_WARN_DEPRECATED_OBJC_IMPLEMENTATIONS = YES;
				CLANG_WARN_DIRECT_OBJC_ISA_USAGE = YES_ERROR;
				CLANG_WARN_DOCUMENTATION_COMMENTS = YES;
				CLANG_WARN_EMPTY_BODY = YES;
				CLANG_WARN_ENUM_CONVERSION = YES;
				CLANG_WARN_INFINITE_RECURSION = YES;
				CLANG_WARN_INT_CONVERSION = YES;
				CLANG_WARN_NON_LITERAL_NULL_CONVERSION = YES;
				CLANG_WARN_OBJC_IMPLICIT_RETAIN_SELF = YES;
				CLANG_WARN_OBJC_LITERAL_CONVERSION = YES;
				CLANG_WARN_OBJC_ROOT_CLASS = YES_ERROR;
				CLANG_WARN_QUOTED_INCLUDE_IN_FRAMEWORK_HEADER = YES;
				CLANG_WARN_RANGE_LOOP_ANALYSIS = YES;
				CLANG_WARN_STRICT_PROTOTYPES = YES;
				CLANG_WARN_SUSPICIOUS_MOVE = YES;
				CLANG_WARN_UNGUARDED_AVAILABILITY = YES_AGGRESSIVE;
				CLANG_WARN_UNREACHABLE_CODE = YES;
				CLANG_WARN__DUPLICATE_METHOD_MATCH = YES;
				COPY_PHASE_STRIP = NO;
				DEBUG_INFORMATION_FORMAT = dwarf;
				ENABLE_STRICT_OBJC_MSGSEND = YES;
				ENABLE_TESTABILITY = YES;
				GCC_C_LANGUAGE_STANDARD = gnu11;
				GCC_DYNAMIC_NO_PIC = NO;
				GCC_NO_COMMON_BLOCKS = YES;
				GCC_OPTIMIZATION_LEVEL = 0;
				GCC_PREPROCESSOR_DEFINITIONS = (
					"DEBUG=1",
					"$(inherited)",
				);
				GCC_WARN_64_TO_32_BIT_CONVERSION = YES;
				GCC_WARN_ABOUT_RETURN_TYPE = YES_ERROR;
				GCC_WARN_UNDECLARED_SELECTOR = YES;
				GCC_WARN_UNINITIALIZED_AUTOS = YES_AGGRESSIVE;
				GCC_WARN_UNUSED_FUNCTION = YES;
				GCC_WARN_UNUSED_VARIABLE = YES;
				IPHONEOS_DEPLOYMENT_TARGET = 14.3;
				MTL_ENABLE_DEBUG_INFO = INCLUDE_SOURCE;
				MTL_FAST_MATH = YES;
				ONLY_ACTIVE_ARCH = YES;
				SDKROOT = iphoneos;
				SWIFT_ACTIVE_COMPILATION_CONDITIONS = DEBUG;
				SWIFT_OPTIMIZATION_LEVEL = "-Onone";
			};
			name = Debug;
		};
		4512975B25B31BEB009B60D8 /* Release */ = {
			isa = XCBuildConfiguration;
			buildSettings = {
				ALWAYS_SEARCH_USER_PATHS = NO;
				CLANG_ANALYZER_NONNULL = YES;
				CLANG_ANALYZER_NUMBER_OBJECT_CONVERSION = YES_AGGRESSIVE;
				CLANG_CXX_LANGUAGE_STANDARD = "gnu++14";
				CLANG_CXX_LIBRARY = "libc++";
				CLANG_ENABLE_MODULES = YES;
				CLANG_ENABLE_OBJC_ARC = YES;
				CLANG_ENABLE_OBJC_WEAK = YES;
				CLANG_WARN_BLOCK_CAPTURE_AUTORELEASING = YES;
				CLANG_WARN_BOOL_CONVERSION = YES;
				CLANG_WARN_COMMA = YES;
				CLANG_WARN_CONSTANT_CONVERSION = YES;
				CLANG_WARN_DEPRECATED_OBJC_IMPLEMENTATIONS = YES;
				CLANG_WARN_DIRECT_OBJC_ISA_USAGE = YES_ERROR;
				CLANG_WARN_DOCUMENTATION_COMMENTS = YES;
				CLANG_WARN_EMPTY_BODY = YES;
				CLANG_WARN_ENUM_CONVERSION = YES;
				CLANG_WARN_INFINITE_RECURSION = YES;
				CLANG_WARN_INT_CONVERSION = YES;
				CLANG_WARN_NON_LITERAL_NULL_CONVERSION = YES;
				CLANG_WARN_OBJC_IMPLICIT_RETAIN_SELF = YES;
				CLANG_WARN_OBJC_LITERAL_CONVERSION = YES;
				CLANG_WARN_OBJC_ROOT_CLASS = YES_ERROR;
				CLANG_WARN_QUOTED_INCLUDE_IN_FRAMEWORK_HEADER = YES;
				CLANG_WARN_RANGE_LOOP_ANALYSIS = YES;
				CLANG_WARN_STRICT_PROTOTYPES = YES;
				CLANG_WARN_SUSPICIOUS_MOVE = YES;
				CLANG_WARN_UNGUARDED_AVAILABILITY = YES_AGGRESSIVE;
				CLANG_WARN_UNREACHABLE_CODE = YES;
				CLANG_WARN__DUPLICATE_METHOD_MATCH = YES;
				COPY_PHASE_STRIP = NO;
				DEBUG_INFORMATION_FORMAT = "dwarf-with-dsym";
				ENABLE_NS_ASSERTIONS = NO;
				ENABLE_STRICT_OBJC_MSGSEND = YES;
				GCC_C_LANGUAGE_STANDARD = gnu11;
				GCC_NO_COMMON_BLOCKS = YES;
				GCC_WARN_64_TO_32_BIT_CONVERSION = YES;
				GCC_WARN_ABOUT_RETURN_TYPE = YES_ERROR;
				GCC_WARN_UNDECLARED_SELECTOR = YES;
				GCC_WARN_UNINITIALIZED_AUTOS = YES_AGGRESSIVE;
				GCC_WARN_UNUSED_FUNCTION = YES;
				GCC_WARN_UNUSED_VARIABLE = YES;
				IPHONEOS_DEPLOYMENT_TARGET = 14.3;
				MTL_ENABLE_DEBUG_INFO = NO;
				MTL_FAST_MATH = YES;
				SDKROOT = iphoneos;
				SWIFT_COMPILATION_MODE = wholemodule;
				SWIFT_OPTIMIZATION_LEVEL = "-O";
				VALIDATE_PRODUCT = YES;
			};
			name = Release;
		};
		4512975D25B31BEB009B60D8 /* Debug */ = {
			isa = XCBuildConfiguration;
			buildSettings = {
				ASSETCATALOG_COMPILER_APPICON_NAME = AppIcon;
				ASSETCATALOG_COMPILER_GLOBAL_ACCENT_COLOR_NAME = AccentColor;
				CODE_SIGN_STYLE = Automatic;
				DEVELOPMENT_TEAM = 8ZG2CDHRJ2;
				INFOPLIST_FILE = postmanHackathon/Info.plist;
				LD_RUNPATH_SEARCH_PATHS = (
					"$(inherited)",
					"@executable_path/Frameworks",
				);
				PRODUCT_BUNDLE_IDENTIFIER = com.aljazk.postmanHackathon;
				PRODUCT_NAME = "$(TARGET_NAME)";
				SWIFT_VERSION = 5.0;
				TARGETED_DEVICE_FAMILY = "1,2";
			};
			name = Debug;
		};
		4512975E25B31BEB009B60D8 /* Release */ = {
			isa = XCBuildConfiguration;
			buildSettings = {
				ASSETCATALOG_COMPILER_APPICON_NAME = AppIcon;
				ASSETCATALOG_COMPILER_GLOBAL_ACCENT_COLOR_NAME = AccentColor;
				CODE_SIGN_STYLE = Automatic;
				DEVELOPMENT_TEAM = 8ZG2CDHRJ2;
				INFOPLIST_FILE = postmanHackathon/Info.plist;
				LD_RUNPATH_SEARCH_PATHS = (
					"$(inherited)",
					"@executable_path/Frameworks",
				);
				PRODUCT_BUNDLE_IDENTIFIER = com.aljazk.postmanHackathon;
				PRODUCT_NAME = "$(TARGET_NAME)";
				SWIFT_VERSION = 5.0;
				TARGETED_DEVICE_FAMILY = "1,2";
			};
			name = Release;
		};
/* End XCBuildConfiguration section */

/* Begin XCConfigurationList section */
		4512974325B31BE8009B60D8 /* Build configuration list for PBXProject "postmanHackathon" */ = {
			isa = XCConfigurationList;
			buildConfigurations = (
				4512975A25B31BEB009B60D8 /* Debug */,
				4512975B25B31BEB009B60D8 /* Release */,
			);
			defaultConfigurationIsVisible = 0;
			defaultConfigurationName = Release;
		};
		4512975C25B31BEB009B60D8 /* Build configuration list for PBXNativeTarget "postmanHackathon" */ = {
			isa = XCConfigurationList;
			buildConfigurations = (
				4512975D25B31BEB009B60D8 /* Debug */,
				4512975E25B31BEB009B60D8 /* Release */,
			);
			defaultConfigurationIsVisible = 0;
			defaultConfigurationName = Release;
		};
/* End XCConfigurationList section */
	};
	rootObject = 4512974025B31BE8009B60D8 /* Project object */;
}
